// !$*UTF8*$!
{
	archiveVersion = 1;
	classes = {
	};
	objectVersion = 50;
	objects = {

/* Begin PBXBuildFile section */
		0D6D643E39F82C141A8590ED /* Pods_tableView.framework in Frameworks */ = {isa = PBXBuildFile; fileRef = 6CD18EB82AB322D9C9C2DDA8 /* Pods_tableView.framework */; };
		FA851ABB220C3119006EED33 /* CategoryViewController.swift in Sources */ = {isa = PBXBuildFile; fileRef = FA851ABA220C3119006EED33 /* CategoryViewController.swift */; };
		FA9A36ED2212164000740DCB /* Category.swift in Sources */ = {isa = PBXBuildFile; fileRef = FA9A36EC2212164000740DCB /* Category.swift */; };
		FA9A36EF2212164C00740DCB /* Item.swift in Sources */ = {isa = PBXBuildFile; fileRef = FA9A36EE2212164C00740DCB /* Item.swift */; };
		FAC8C07F21FE10DD00D926A9 /* AppDelegate.swift in Sources */ = {isa = PBXBuildFile; fileRef = FAC8C07E21FE10DD00D926A9 /* AppDelegate.swift */; };
		FAC8C08121FE10DD00D926A9 /* ToDoListViewController.swift in Sources */ = {isa = PBXBuildFile; fileRef = FAC8C08021FE10DD00D926A9 /* ToDoListViewController.swift */; };
		FAC8C08421FE10DD00D926A9 /* Main.storyboard in Resources */ = {isa = PBXBuildFile; fileRef = FAC8C08221FE10DD00D926A9 /* Main.storyboard */; };
		FAC8C08621FE10DF00D926A9 /* Assets.xcassets in Resources */ = {isa = PBXBuildFile; fileRef = FAC8C08521FE10DF00D926A9 /* Assets.xcassets */; };
		FAC8C08921FE10DF00D926A9 /* LaunchScreen.storyboard in Resources */ = {isa = PBXBuildFile; fileRef = FAC8C08721FE10DF00D926A9 /* LaunchScreen.storyboard */; };
		FAC8C09621FF76E500D926A9 /* Default-568h@2x.png in Resources */ = {isa = PBXBuildFile; fileRef = FAC8C09521FF76E500D926A9 /* Default-568h@2x.png */; };
/* End PBXBuildFile section */

/* Begin PBXFileReference section */
		4F0226DA1A5B4B4EDE353423 /* Pods-tableView.release.xcconfig */ = {isa = PBXFileReference; includeInIndex = 1; lastKnownFileType = text.xcconfig; name = "Pods-tableView.release.xcconfig"; path = "Pods/Target Support Files/Pods-tableView/Pods-tableView.release.xcconfig"; sourceTree = "<group>"; };
		6A35AEB1DCE65C28EBC86D29 /* Pods-tableView.debug.xcconfig */ = {isa = PBXFileReference; includeInIndex = 1; lastKnownFileType = text.xcconfig; name = "Pods-tableView.debug.xcconfig"; path = "Pods/Target Support Files/Pods-tableView/Pods-tableView.debug.xcconfig"; sourceTree = "<group>"; };
		6CD18EB82AB322D9C9C2DDA8 /* Pods_tableView.framework */ = {isa = PBXFileReference; explicitFileType = wrapper.framework; includeInIndex = 0; path = Pods_tableView.framework; sourceTree = BUILT_PRODUCTS_DIR; };
		FA851ABA220C3119006EED33 /* CategoryViewController.swift */ = {isa = PBXFileReference; lastKnownFileType = sourcecode.swift; path = CategoryViewController.swift; sourceTree = "<group>"; };
		FA9A36EC2212164000740DCB /* Category.swift */ = {isa = PBXFileReference; lastKnownFileType = sourcecode.swift; path = Category.swift; sourceTree = "<group>"; };
		FA9A36EE2212164C00740DCB /* Item.swift */ = {isa = PBXFileReference; lastKnownFileType = sourcecode.swift; path = Item.swift; sourceTree = "<group>"; };
		FAC8C07B21FE10DD00D926A9 /* tableView.app */ = {isa = PBXFileReference; explicitFileType = wrapper.application; includeInIndex = 0; path = tableView.app; sourceTree = BUILT_PRODUCTS_DIR; };
		FAC8C07E21FE10DD00D926A9 /* AppDelegate.swift */ = {isa = PBXFileReference; lastKnownFileType = sourcecode.swift; path = AppDelegate.swift; sourceTree = "<group>"; };
		FAC8C08021FE10DD00D926A9 /* ToDoListViewController.swift */ = {isa = PBXFileReference; lastKnownFileType = sourcecode.swift; path = ToDoListViewController.swift; sourceTree = "<group>"; };
		FAC8C08321FE10DD00D926A9 /* Base */ = {isa = PBXFileReference; lastKnownFileType = file.storyboard; name = Base; path = Base.lproj/Main.storyboard; sourceTree = "<group>"; };
		FAC8C08521FE10DF00D926A9 /* Assets.xcassets */ = {isa = PBXFileReference; lastKnownFileType = folder.assetcatalog; path = Assets.xcassets; sourceTree = "<group>"; };
		FAC8C08821FE10DF00D926A9 /* Base */ = {isa = PBXFileReference; lastKnownFileType = file.storyboard; name = Base; path = Base.lproj/LaunchScreen.storyboard; sourceTree = "<group>"; };
		FAC8C08A21FE10DF00D926A9 /* Info.plist */ = {isa = PBXFileReference; lastKnownFileType = text.plist.xml; path = Info.plist; sourceTree = "<group>"; };
		FAC8C09521FF76E500D926A9 /* Default-568h@2x.png */ = {isa = PBXFileReference; lastKnownFileType = image.png; path = "Default-568h@2x.png"; sourceTree = "<group>"; };
/* End PBXFileReference section */

/* Begin PBXFrameworksBuildPhase section */
		FAC8C07821FE10DD00D926A9 /* Frameworks */ = {
			isa = PBXFrameworksBuildPhase;
			buildActionMask = 2147483647;
			files = (
				0D6D643E39F82C141A8590ED /* Pods_tableView.framework in Frameworks */,
			);
			runOnlyForDeploymentPostprocessing = 0;
		};
/* End PBXFrameworksBuildPhase section */

/* Begin PBXGroup section */
		D019D026861250EE7F791795 /* Pods */ = {
			isa = PBXGroup;
			children = (
				6A35AEB1DCE65C28EBC86D29 /* Pods-tableView.debug.xcconfig */,
				4F0226DA1A5B4B4EDE353423 /* Pods-tableView.release.xcconfig */,
			);
			name = Pods;
			sourceTree = "<group>";
		};
		F34D628C1C2852DA0F383B5B /* Frameworks */ = {
			isa = PBXGroup;
			children = (
				6CD18EB82AB322D9C9C2DDA8 /* Pods_tableView.framework */,
			);
			name = Frameworks;
			sourceTree = "<group>";
		};
		FAC8C07221FE10DD00D926A9 = {
			isa = PBXGroup;
			children = (
				FAC8C09521FF76E500D926A9 /* Default-568h@2x.png */,
				FAC8C08A21FE10DF00D926A9 /* Info.plist */,
				FAC8C09021FF6E0700D926A9 /* Data Model */,
				FAC8C09321FF708900D926A9 /* Controllers */,
				FAC8C07D21FE10DD00D926A9 /* Views */,
				FAC8C07C21FE10DD00D926A9 /* Products */,
				FAC8C09421FF71B600D926A9 /* Supporting Files */,
				D019D026861250EE7F791795 /* Pods */,
				F34D628C1C2852DA0F383B5B /* Frameworks */,
			);
			sourceTree = "<group>";
		};
		FAC8C07C21FE10DD00D926A9 /* Products */ = {
			isa = PBXGroup;
			children = (
				FAC8C07B21FE10DD00D926A9 /* tableView.app */,
			);
			name = Products;
			sourceTree = "<group>";
		};
		FAC8C07D21FE10DD00D926A9 /* Views */ = {
			isa = PBXGroup;
			children = (
				FAC8C07E21FE10DD00D926A9 /* AppDelegate.swift */,
				FAC8C08221FE10DD00D926A9 /* Main.storyboard */,
			);
			path = Views;
			sourceTree = "<group>";
		};
		FAC8C09021FF6E0700D926A9 /* Data Model */ = {
			isa = PBXGroup;
			children = (
				FA9A36EC2212164000740DCB /* Category.swift */,
				FA9A36EE2212164C00740DCB /* Item.swift */,
			);
			path = "Data Model";
			sourceTree = "<group>";
		};
		FAC8C09321FF708900D926A9 /* Controllers */ = {
			isa = PBXGroup;
			children = (
				FA851ABA220C3119006EED33 /* CategoryViewController.swift */,
				FAC8C08021FE10DD00D926A9 /* ToDoListViewController.swift */,
			);
			path = Controllers;
			sourceTree = "<group>";
		};
		FAC8C09421FF71B600D926A9 /* Supporting Files */ = {
			isa = PBXGroup;
			children = (
				FAC8C08521FE10DF00D926A9 /* Assets.xcassets */,
				FAC8C08721FE10DF00D926A9 /* LaunchScreen.storyboard */,
			);
			path = "Supporting Files";
			sourceTree = "<group>";
		};
/* End PBXGroup section */

/* Begin PBXNativeTarget section */
		FAC8C07A21FE10DD00D926A9 /* tableView */ = {
			isa = PBXNativeTarget;
			buildConfigurationList = FAC8C08D21FE10DF00D926A9 /* Build configuration list for PBXNativeTarget "tableView" */;
			buildPhases = (
				80F265F8989FA4B7D587444C /* [CP] Check Pods Manifest.lock */,
				FAC8C07721FE10DD00D926A9 /* Sources */,
				FAC8C07821FE10DD00D926A9 /* Frameworks */,
				FAC8C07921FE10DD00D926A9 /* Resources */,
				7712D00289D10DEC82C43453 /* [CP] Embed Pods Frameworks */,
			);
			buildRules = (
			);
			dependencies = (
			);
			name = tableView;
			productName = tableView;
			productReference = FAC8C07B21FE10DD00D926A9 /* tableView.app */;
			productType = "com.apple.product-type.application";
		};
/* End PBXNativeTarget section */

/* Begin PBXProject section */
		FAC8C07321FE10DD00D926A9 /* Project object */ = {
			isa = PBXProject;
			attributes = {
				LastSwiftUpdateCheck = 1010;
				LastUpgradeCheck = 1010;
				ORGANIZATIONNAME = macbook;
				TargetAttributes = {
					FAC8C07A21FE10DD00D926A9 = {
						CreatedOnToolsVersion = 10.1;
					};
				};
			};
			buildConfigurationList = FAC8C07621FE10DD00D926A9 /* Build configuration list for PBXProject "tableView" */;
			compatibilityVersion = "Xcode 9.3";
			developmentRegion = en;
			hasScannedForEncodings = 0;
			knownRegions = (
				en,
				Base,
			);
			mainGroup = FAC8C07221FE10DD00D926A9;
			productRefGroup = FAC8C07C21FE10DD00D926A9 /* Products */;
			projectDirPath = "";
			projectRoot = "";
			targets = (
				FAC8C07A21FE10DD00D926A9 /* tableView */,
			);
		};
/* End PBXProject section */

/* Begin PBXResourcesBuildPhase section */
		FAC8C07921FE10DD00D926A9 /* Resources */ = {
			isa = PBXResourcesBuildPhase;
			buildActionMask = 2147483647;
			files = (
				FAC8C08921FE10DF00D926A9 /* LaunchScreen.storyboard in Resources */,
				FAC8C09621FF76E500D926A9 /* Default-568h@2x.png in Resources */,
				FAC8C08621FE10DF00D926A9 /* Assets.xcassets in Resources */,
				FAC8C08421FE10DD00D926A9 /* Main.storyboard in Resources */,
			);
			runOnlyForDeploymentPostprocessing = 0;
		};
/* End PBXResourcesBuildPhase section */

/* Begin PBXShellScriptBuildPhase section */
		7712D00289D10DEC82C43453 /* [CP] Embed Pods Frameworks */ = {
			isa = PBXShellScriptBuildPhase;
			buildActionMask = 2147483647;
			files = (
			);
			inputFileListPaths = (
			);
			inputPaths = (
				"${SRCROOT}/Pods/Target Support Files/Pods-tableView/Pods-tableView-frameworks.sh",
				"${BUILT_PRODUCTS_DIR}/Realm/Realm.framework",
				"${BUILT_PRODUCTS_DIR}/RealmSwift/RealmSwift.framework",
			);
			name = "[CP] Embed Pods Frameworks";
			outputFileListPaths = (
			);
			outputPaths = (
				"${TARGET_BUILD_DIR}/${FRAMEWORKS_FOLDER_PATH}/Realm.framework",
				"${TARGET_BUILD_DIR}/${FRAMEWORKS_FOLDER_PATH}/RealmSwift.framework",
			);
			runOnlyForDeploymentPostprocessing = 0;
			shellPath = /bin/sh;
			shellScript = "\"${SRCROOT}/Pods/Target Support Files/Pods-tableView/Pods-tableView-frameworks.sh\"\n";
			showEnvVarsInLog = 0;
		};
		80F265F8989FA4B7D587444C /* [CP] Check Pods Manifest.lock */ = {
			isa = PBXShellScriptBuildPhase;
			buildActionMask = 2147483647;
			files = (
			);
			inputFileListPaths = (
			);
			inputPaths = (
				"${PODS_PODFILE_DIR_PATH}/Podfile.lock",
				"${PODS_ROOT}/Manifest.lock",
			);
			name = "[CP] Check Pods Manifest.lock";
			outputFileListPaths = (
			);
			outputPaths = (
				"$(DERIVED_FILE_DIR)/Pods-tableView-checkManifestLockResult.txt",
			);
			runOnlyForDeploymentPostprocessing = 0;
			shellPath = /bin/sh;
			shellScript = "diff \"${PODS_PODFILE_DIR_PATH}/Podfile.lock\" \"${PODS_ROOT}/Manifest.lock\" > /dev/null\nif [ $? != 0 ] ; then\n    # print error to STDERR\n    echo \"error: The sandbox is not in sync with the Podfile.lock. Run 'pod install' or update your CocoaPods installation.\" >&2\n    exit 1\nfi\n# This output is used by Xcode 'outputs' to avoid re-running this script phase.\necho \"SUCCESS\" > \"${SCRIPT_OUTPUT_FILE_0}\"\n";
			showEnvVarsInLog = 0;
		};
/* End PBXShellScriptBuildPhase section */

/* Begin PBXSourcesBuildPhase section */
		FAC8C07721FE10DD00D926A9 /* Sources */ = {
			isa = PBXSourcesBuildPhase;
			buildActionMask = 2147483647;
			files = (
				FAC8C08121FE10DD00D926A9 /* ToDoListViewController.swift in Sources */,
				FA9A36ED2212164000740DCB /* Category.swift in Sources */,
				FA851ABB220C3119006EED33 /* CategoryViewController.swift in Sources */,
				FA9A36EF2212164C00740DCB /* Item.swift in Sources */,
				FAC8C07F21FE10DD00D926A9 /* AppDelegate.swift in Sources */,
			);
			runOnlyForDeploymentPostprocessing = 0;
		};
/* End PBXSourcesBuildPhase section */

/* Begin PBXVariantGroup section */
		FAC8C08221FE10DD00D926A9 /* Main.storyboard */ = {
			isa = PBXVariantGroup;
			children = (
				FAC8C08321FE10DD00D926A9 /* Base */,
			);
			name = Main.storyboard;
			sourceTree = "<group>";
		};
		FAC8C08721FE10DF00D926A9 /* LaunchScreen.storyboard */ = {
			isa = PBXVariantGroup;
			children = (
				FAC8C08821FE10DF00D926A9 /* Base */,
			);
			name = LaunchScreen.storyboard;
			sourceTree = "<group>";
		};
/* End PBXVariantGroup section */

/* Begin XCBuildConfiguration section */
		FAC8C08B21FE10DF00D926A9 /* Debug */ = {
			isa = XCBuildConfiguration;
			buildSettings = {
				ALWAYS_SEARCH_USER_PATHS = NO;
				CLANG_ANALYZER_NONNULL = YES;
				CLANG_ANALYZER_NUMBER_OBJECT_CONVERSION = YES_AGGRESSIVE;
				CLANG_CXX_LANGUAGE_STANDARD = "gnu++14";
				CLANG_CXX_LIBRARY = "libc++";
				CLANG_ENABLE_MODULES = YES;
				CLANG_ENABLE_OBJC_ARC = YES;
				CLANG_ENABLE_OBJC_WEAK = YES;
				CLANG_WARN_BLOCK_CAPTURE_AUTORELEASING = YES;
				CLANG_WARN_BOOL_CONVERSION = YES;
				CLANG_WARN_COMMA = YES;
				CLANG_WARN_CONSTANT_CONVERSION = YES;
				CLANG_WARN_DEPRECATED_OBJC_IMPLEMENTATIONS = YES;
				CLANG_WARN_DIRECT_OBJC_ISA_USAGE = YES_ERROR;
				CLANG_WARN_DOCUMENTATION_COMMENTS = YES;
				CLANG_WARN_EMPTY_BODY = YES;
				CLANG_WARN_ENUM_CONVERSION = YES;
				CLANG_WARN_INFINITE_RECURSION = YES;
				CLANG_WARN_INT_CONVERSION = YES;
				CLANG_WARN_NON_LITERAL_NULL_CONVERSION = YES;
				CLANG_WARN_OBJC_IMPLICIT_RETAIN_SELF = YES;
				CLANG_WARN_OBJC_LITERAL_CONVERSION = YES;
				CLANG_WARN_OBJC_ROOT_CLASS = YES_ERROR;
				CLANG_WARN_RANGE_LOOP_ANALYSIS = YES;
				CLANG_WARN_STRICT_PROTOTYPES = YES;
				CLANG_WARN_SUSPICIOUS_MOVE = YES;
				CLANG_WARN_UNGUARDED_AVAILABILITY = YES_AGGRESSIVE;
				CLANG_WARN_UNREACHABLE_CODE = YES;
				CLANG_WARN__DUPLICATE_METHOD_MATCH = YES;
				CODE_SIGN_IDENTITY = "iPhone Developer";
				COPY_PHASE_STRIP = NO;
				DEBUG_INFORMATION_FORMAT = dwarf;
				ENABLE_STRICT_OBJC_MSGSEND = YES;
				ENABLE_TESTABILITY = YES;
				GCC_C_LANGUAGE_STANDARD = gnu11;
				GCC_DYNAMIC_NO_PIC = NO;
				GCC_NO_COMMON_BLOCKS = YES;
				GCC_OPTIMIZATION_LEVEL = 0;
				GCC_PREPROCESSOR_DEFINITIONS = (
					"DEBUG=1",
					"$(inherited)",
				);
				GCC_WARN_64_TO_32_BIT_CONVERSION = YES;
				GCC_WARN_ABOUT_RETURN_TYPE = YES_ERROR;
				GCC_WARN_UNDECLARED_SELECTOR = YES;
				GCC_WARN_UNINITIALIZED_AUTOS = YES_AGGRESSIVE;
				GCC_WARN_UNUSED_FUNCTION = YES;
				GCC_WARN_UNUSED_VARIABLE = YES;
				IPHONEOS_DEPLOYMENT_TARGET = 12.1;
				MTL_ENABLE_DEBUG_INFO = INCLUDE_SOURCE;
				MTL_FAST_MATH = YES;
				ONLY_ACTIVE_ARCH = YES;
				SDKROOT = iphoneos;
				SWIFT_ACTIVE_COMPILATION_CONDITIONS = DEBUG;
				SWIFT_OPTIMIZATION_LEVEL = "-Onone";
			};
			name = Debug;
		};
		FAC8C08C21FE10DF00D926A9 /* Release */ = {
			isa = XCBuildConfiguration;
			buildSettings = {
				ALWAYS_SEARCH_USER_PATHS = NO;
				CLANG_ANALYZER_NONNULL = YES;
				CLANG_ANALYZER_NUMBER_OBJECT_CONVERSION = YES_AGGRESSIVE;
				CLANG_CXX_LANGUAGE_STANDARD = "gnu++14";
				CLANG_CXX_LIBRARY = "libc++";
				CLANG_ENABLE_MODULES = YES;
				CLANG_ENABLE_OBJC_ARC = YES;
				CLANG_ENABLE_OBJC_WEAK = YES;
				CLANG_WARN_BLOCK_CAPTURE_AUTORELEASING = YES;
				CLANG_WARN_BOOL_CONVERSION = YES;
				CLANG_WARN_COMMA = YES;
				CLANG_WARN_CONSTANT_CONVERSION = YES;
				CLANG_WARN_DEPRECATED_OBJC_IMPLEMENTATIONS = YES;
				CLANG_WARN_DIRECT_OBJC_ISA_USAGE = YES_ERROR;
				CLANG_WARN_DOCUMENTATION_COMMENTS = YES;
				CLANG_WARN_EMPTY_BODY = YES;
				CLANG_WARN_ENUM_CONVERSION = YES;
				CLANG_WARN_INFINITE_RECURSION = YES;
				CLANG_WARN_INT_CONVERSION = YES;
				CLANG_WARN_NON_LITERAL_NULL_CONVERSION = YES;
				CLANG_WARN_OBJC_IMPLICIT_RETAIN_SELF = YES;
				CLANG_WARN_OBJC_LITERAL_CONVERSION = YES;
				CLANG_WARN_OBJC_ROOT_CLASS = YES_ERROR;
				CLANG_WARN_RANGE_LOOP_ANALYSIS = YES;
				CLANG_WARN_STRICT_PROTOTYPES = YES;
				CLANG_WARN_SUSPICIOUS_MOVE = YES;
				CLANG_WARN_UNGUARDED_AVAILABILITY = YES_AGGRESSIVE;
				CLANG_WARN_UNREACHABLE_CODE = YES;
				CLANG_WARN__DUPLICATE_METHOD_MATCH = YES;
				CODE_SIGN_IDENTITY = "iPhone Developer";
				COPY_PHASE_STRIP = NO;
				DEBUG_INFORMATION_FORMAT = "dwarf-with-dsym";
				ENABLE_NS_ASSERTIONS = NO;
				ENABLE_STRICT_OBJC_MSGSEND = YES;
				GCC_C_LANGUAGE_STANDARD = gnu11;
				GCC_NO_COMMON_BLOCKS = YES;
				GCC_WARN_64_TO_32_BIT_CONVERSION = YES;
				GCC_WARN_ABOUT_RETURN_TYPE = YES_ERROR;
				GCC_WARN_UNDECLARED_SELECTOR = YES;
				GCC_WARN_UNINITIALIZED_AUTOS = YES_AGGRESSIVE;
				GCC_WARN_UNUSED_FUNCTION = YES;
				GCC_WARN_UNUSED_VARIABLE = YES;
				IPHONEOS_DEPLOYMENT_TARGET = 12.1;
				MTL_ENABLE_DEBUG_INFO = NO;
				MTL_FAST_MATH = YES;
				SDKROOT = iphoneos;
				SWIFT_COMPILATION_MODE = wholemodule;
				SWIFT_OPTIMIZATION_LEVEL = "-O";
				VALIDATE_PRODUCT = YES;
			};
			name = Release;
		};
		FAC8C08E21FE10DF00D926A9 /* Debug */ = {
			isa = XCBuildConfiguration;
			baseConfigurationReference = 6A35AEB1DCE65C28EBC86D29 /* Pods-tableView.debug.xcconfig */;
			buildSettings = {
				ASSETCATALOG_COMPILER_APPICON_NAME = AppIcon;
				CODE_SIGN_STYLE = Automatic;
				DEVELOPMENT_TEAM = P2892JMWAJ;
				INFOPLIST_FILE = "$(SRCROOT)/Info.plist";
				LD_RUNPATH_SEARCH_PATHS = (
					"$(inherited)",
					"@executable_path/Frameworks",
				);
				PRODUCT_BUNDLE_IDENTIFIER = com.tableView.NirBarniv.tableView;
				PRODUCT_NAME = "$(TARGET_NAME)";
				SWIFT_VERSION = 4.2;
				TARGETED_DEVICE_FAMILY = "1,2";
			};
			name = Debug;
		};
		FAC8C08F21FE10DF00D926A9 /* Release */ = {
			isa = XCBuildConfiguration;
			baseConfigurationReference = 4F0226DA1A5B4B4EDE353423 /* Pods-tableView.release.xcconfig */;
			buildSettings = {
				ASSETCATALOG_COMPILER_APPICON_NAME = AppIcon;
				CODE_SIGN_STYLE = Automatic;
				DEVELOPMENT_TEAM = P2892JMWAJ;
				INFOPLIST_FILE = "$(SRCROOT)/Info.plist";
				LD_RUNPATH_SEARCH_PATHS = (
					"$(inherited)",
					"@executable_path/Frameworks",
				);
				PRODUCT_BUNDLE_IDENTIFIER = com.tableView.NirBarniv.tableView;
				PRODUCT_NAME = "$(TARGET_NAME)";
				SWIFT_VERSION = 4.2;
				TARGETED_DEVICE_FAMILY = "1,2";
			};
			name = Release;
		};
/* End XCBuildConfiguration section */

/* Begin XCConfigurationList section */
		FAC8C07621FE10DD00D926A9 /* Build configuration list for PBXProject "tableView" */ = {
			isa = XCConfigurationList;
			buildConfigurations = (
				FAC8C08B21FE10DF00D926A9 /* Debug */,
				FAC8C08C21FE10DF00D926A9 /* Release */,
			);
			defaultConfigurationIsVisible = 0;
			defaultConfigurationName = Release;
		};
		FAC8C08D21FE10DF00D926A9 /* Build configuration list for PBXNativeTarget "tableView" */ = {
			isa = XCConfigurationList;
			buildConfigurations = (
				FAC8C08E21FE10DF00D926A9 /* Debug */,
				FAC8C08F21FE10DF00D926A9 /* Release */,
			);
			defaultConfigurationIsVisible = 0;
			defaultConfigurationName = Release;
		};
/* End XCConfigurationList section */
	};
	rootObject = FAC8C07321FE10DD00D926A9 /* Project object */;
}
